
Microsoft Visual Studio Solution File, Format Version 12.00
# Visual Studio Version 17
VisualStudioVersion = 17.7.34221.43
MinimumVisualStudioVersion = 10.0.40219.1
Project("{FAE04EC0-301F-11D3-BF4B-00C04F79EFBC}") = "BasicMath", "BasicMath\BasicMath.csproj", "{51A839C8-CE25-417D-A33B-463EBBAC7B5E}"
EndProject
Project("{FAE04EC0-301F-11D3-BF4B-00C04F79EFBC}") = "BasicMathTest", "BasicMathTest\BasicMathTest.csproj", "{851609CF-761B-4BA8-9A6E-DA4898FE376B}"
EndProject
Global
	GlobalSection(SolutionConfigurationPlatforms) = preSolution
		Debug|Any CPU = Debug|Any CPU
		Release|Any CPU = Release|Any CPU
	EndGlobalSection
	GlobalSection(ProjectConfigurationPlatforms) = postSolution
		{51A839C8-CE25-417D-A33B-463EBBAC7B5E}.Debug|Any CPU.ActiveCfg = Debug|Any CPU
		{51A839C8-CE25-417D-A33B-463EBBAC7B5E}.Debug|Any CPU.Build.0 = Debug|Any CPU
		{51A839C8-CE25-417D-A33B-463EBBAC7B5E}.Release|Any CPU.ActiveCfg = Release|Any CPU
		{51A839C8-CE25-417D-A33B-463EBBAC7B5E}.Release|Any CPU.Build.0 = Release|Any CPU
		{851609CF-761B-4BA8-9A6E-DA4898FE376B}.Debug|Any CPU.ActiveCfg = Debug|Any CPU
		{851609CF-761B-4BA8-9A6E-DA4898FE376B}.Debug|Any CPU.Build.0 = Debug|Any CPU
		{851609CF-761B-4BA8-9A6E-DA4898FE376B}.Release|Any CPU.ActiveCfg = Release|Any CPU
		{851609CF-761B-4BA8-9A6E-DA4898FE376B}.Release|Any CPU.Build.0 = Release|Any CPU
	EndGlobalSection
	GlobalSection(SolutionProperties) = preSolution
		HideSolutionNode = FALSE
	EndGlobalSection
	GlobalSection(ExtensibilityGlobals) = postSolution
		SolutionGuid = {FE93A74F-1958-4D6A-A88E-844EE9E2D220}
	EndGlobalSection
EndGlobal
